
Microsoft Visual Studio Solution File, Format Version 12.00
# Visual Studio Version 17
VisualStudioVersion = 17.0.31903.59
MinimumVisualStudioVersion = 10.0.40219.1
Project("{2150E333-8FDC-42A3-9474-1A3956D46DE8}") = "src", "src", "{C072AD4C-67F7-46BF-A1A4-69510A613E49}"
EndProject
Project("{2150E333-8FDC-42A3-9474-1A3956D46DE8}") = "Vued", "Vued", "{CA91FA43-4199-4BFB-B94B-890624E5EA6D}"
EndProject
Project("{FAE04EC0-301F-11D3-BF4B-00C04F79EFBC}") = "Vued.BL", "src\Vued\Vued.BL\Vued.BL.csproj", "{FCC56956-4F89-4EA1-AF36-998B69D81E83}"
EndProject
Project("{FAE04EC0-301F-11D3-BF4B-00C04F79EFBC}") = "Vued.BL.Tests", "src\Vued\Vued.BL.Tests\Vued.BL.Tests.csproj", "{EDE3AECF-4522-4E3E-B712-C234F1801BB6}"
EndProject
Project("{FAE04EC0-301F-11D3-BF4B-00C04F79EFBC}") = "Vued.DAL.Tests", "src\Vued\Vued.DAL.Tests\Vued.DAL.Tests.csproj", "{B381626C-2673-4F1A-94F2-D2CD79CDD4F0}"
EndProject
Project("{FAE04EC0-301F-11D3-BF4B-00C04F79EFBC}") = "Vued.DAL", "src\Vued\Vued.DAL\Vued.DAL.csproj", "{407E910B-B451-4915-A128-8DC4398CC29F}"
EndProject
Project("{FAE04EC0-301F-11D3-BF4B-00C04F79EFBC}") = "Vued.App", "src\Vued\Vued.App\Vued.App.csproj", "{61B43496-31DF-49E0-9AD0-63B58C3C3999}"
EndProject
Global
	GlobalSection(SolutionConfigurationPlatforms) = preSolution
		Debug|Any CPU = Debug|Any CPU
		Release|Any CPU = Release|Any CPU
	EndGlobalSection
	GlobalSection(SolutionProperties) = preSolution
		HideSolutionNode = FALSE
	EndGlobalSection
	GlobalSection(ProjectConfigurationPlatforms) = postSolution
		{FCC56956-4F89-4EA1-AF36-998B69D81E83}.Debug|Any CPU.ActiveCfg = Debug|Any CPU
		{FCC56956-4F89-4EA1-AF36-998B69D81E83}.Debug|Any CPU.Build.0 = Debug|Any CPU
		{FCC56956-4F89-4EA1-AF36-998B69D81E83}.Release|Any CPU.ActiveCfg = Release|Any CPU
		{FCC56956-4F89-4EA1-AF36-998B69D81E83}.Release|Any CPU.Build.0 = Release|Any CPU
		{EDE3AECF-4522-4E3E-B712-C234F1801BB6}.Debug|Any CPU.ActiveCfg = Debug|Any CPU
		{EDE3AECF-4522-4E3E-B712-C234F1801BB6}.Debug|Any CPU.Build.0 = Debug|Any CPU
		{EDE3AECF-4522-4E3E-B712-C234F1801BB6}.Release|Any CPU.ActiveCfg = Release|Any CPU
		{EDE3AECF-4522-4E3E-B712-C234F1801BB6}.Release|Any CPU.Build.0 = Release|Any CPU
		{B381626C-2673-4F1A-94F2-D2CD79CDD4F0}.Debug|Any CPU.ActiveCfg = Debug|Any CPU
		{B381626C-2673-4F1A-94F2-D2CD79CDD4F0}.Debug|Any CPU.Build.0 = Debug|Any CPU
		{B381626C-2673-4F1A-94F2-D2CD79CDD4F0}.Release|Any CPU.ActiveCfg = Release|Any CPU
		{B381626C-2673-4F1A-94F2-D2CD79CDD4F0}.Release|Any CPU.Build.0 = Release|Any CPU
		{407E910B-B451-4915-A128-8DC4398CC29F}.Debug|Any CPU.ActiveCfg = Debug|Any CPU
		{407E910B-B451-4915-A128-8DC4398CC29F}.Debug|Any CPU.Build.0 = Debug|Any CPU
		{407E910B-B451-4915-A128-8DC4398CC29F}.Release|Any CPU.ActiveCfg = Release|Any CPU
		{407E910B-B451-4915-A128-8DC4398CC29F}.Release|Any CPU.Build.0 = Release|Any CPU
		{61B43496-31DF-49E0-9AD0-63B58C3C3999}.Debug|Any CPU.ActiveCfg = Debug|Any CPU
		{61B43496-31DF-49E0-9AD0-63B58C3C3999}.Debug|Any CPU.Build.0 = Debug|Any CPU
		{61B43496-31DF-49E0-9AD0-63B58C3C3999}.Release|Any CPU.ActiveCfg = Release|Any CPU
		{61B43496-31DF-49E0-9AD0-63B58C3C3999}.Release|Any CPU.Build.0 = Release|Any CPU
	EndGlobalSection
	GlobalSection(NestedProjects) = preSolution
		{CA91FA43-4199-4BFB-B94B-890624E5EA6D} = {C072AD4C-67F7-46BF-A1A4-69510A613E49}
		{FCC56956-4F89-4EA1-AF36-998B69D81E83} = {CA91FA43-4199-4BFB-B94B-890624E5EA6D}
		{EDE3AECF-4522-4E3E-B712-C234F1801BB6} = {CA91FA43-4199-4BFB-B94B-890624E5EA6D}
		{B381626C-2673-4F1A-94F2-D2CD79CDD4F0} = {CA91FA43-4199-4BFB-B94B-890624E5EA6D}
		{407E910B-B451-4915-A128-8DC4398CC29F} = {CA91FA43-4199-4BFB-B94B-890624E5EA6D}
		{61B43496-31DF-49E0-9AD0-63B58C3C3999} = {CA91FA43-4199-4BFB-B94B-890624E5EA6D}
	EndGlobalSection
EndGlobal
